{
  "object": {
    "pins": [
      {
        "package": "Kingfisher",
        "repositoryURL": "https://github.com/onevcat/Kingfisher.git",
        "state": {
          "branch": null,
          "revision": "1897586f01041d6ddc025714be156aee2d79509d",
          "version": "7.0.0-beta.4"
        }
      }
    ]
  },
  "version": 1
}
